
Microsoft Visual Studio Solution File, Format Version 12.00
# Visual Studio 15
VisualStudioVersion = 15.0.28010.2019
MinimumVisualStudioVersion = 10.0.40219.1
Project("{FAE04EC0-301F-11D3-BF4B-00C04F79EFBC}") = "SystemRegisterManagerr", "SystemRegisterManagerr\SystemRegisterManagerr.csproj", "{DD47EEEF-664E-4BA4-A1BB-F20A5940D5F7}"
EndProject
Global
	GlobalSection(SolutionConfigurationPlatforms) = preSolution
		Debug|Any CPU = Debug|Any CPU
		Release|Any CPU = Release|Any CPU
	EndGlobalSection
	GlobalSection(ProjectConfigurationPlatforms) = postSolution
		{DD47EEEF-664E-4BA4-A1BB-F20A5940D5F7}.Debug|Any CPU.ActiveCfg = Debug|Any CPU
		{DD47EEEF-664E-4BA4-A1BB-F20A5940D5F7}.Debug|Any CPU.Build.0 = Debug|Any CPU
		{DD47EEEF-664E-4BA4-A1BB-F20A5940D5F7}.Release|Any CPU.ActiveCfg = Release|Any CPU
		{DD47EEEF-664E-4BA4-A1BB-F20A5940D5F7}.Release|Any CPU.Build.0 = Release|Any CPU
	EndGlobalSection
	GlobalSection(SolutionProperties) = preSolution
		HideSolutionNode = FALSE
	EndGlobalSection
	GlobalSection(ExtensibilityGlobals) = postSolution
		SolutionGuid = {7862C113-822D-432A-A998-50DDF5EAD367}
	EndGlobalSection
EndGlobal
